
Microsoft Visual Studio Solution File, Format Version 12.00
# Visual Studio Version 17
VisualStudioVersion = 17.4.33122.133
MinimumVisualStudioVersion = 10.0.40219.1
Project("{FAE04EC0-301F-11D3-BF4B-00C04F79EFBC}") = "frases", "frases\frases.csproj", "{07CF17CB-7072-4680-963B-5A770A5670A9}"
EndProject
Global
	GlobalSection(SolutionConfigurationPlatforms) = preSolution
		Debug|Any CPU = Debug|Any CPU
		Release|Any CPU = Release|Any CPU
	EndGlobalSection
	GlobalSection(ProjectConfigurationPlatforms) = postSolution
		{07CF17CB-7072-4680-963B-5A770A5670A9}.Debug|Any CPU.ActiveCfg = Debug|Any CPU
		{07CF17CB-7072-4680-963B-5A770A5670A9}.Debug|Any CPU.Build.0 = Debug|Any CPU
		{07CF17CB-7072-4680-963B-5A770A5670A9}.Release|Any CPU.ActiveCfg = Release|Any CPU
		{07CF17CB-7072-4680-963B-5A770A5670A9}.Release|Any CPU.Build.0 = Release|Any CPU
	EndGlobalSection
	GlobalSection(SolutionProperties) = preSolution
		HideSolutionNode = FALSE
	EndGlobalSection
	GlobalSection(ExtensibilityGlobals) = postSolution
		SolutionGuid = {C7C4E7E8-A5CD-4A94-A938-748905668111}
	EndGlobalSection
EndGlobal
